[[package]]
category = "dev"
description = "Atomic file writes."
marker = "sys_platform == \"win32\""
name = "atomicwrites"
optional = false
python-versions = ">=2.7, !=3.0.*, !=3.1.*, !=3.2.*, !=3.3.*"
version = "1.3.0"

[[package]]
category = "dev"
description = "Classes Without Boilerplate"
name = "attrs"
optional = false
python-versions = ">=2.7, !=3.0.*, !=3.1.*, !=3.2.*, !=3.3.*"
version = "19.3.0"

[package.extras]
azure-pipelines = ["coverage", "hypothesis", "pympler", "pytest (>=4.3.0)", "six", "zope.interface", "pytest-azurepipelines"]
dev = ["coverage", "hypothesis", "pympler", "pytest (>=4.3.0)", "six", "zope.interface", "sphinx", "pre-commit"]
docs = ["sphinx", "zope.interface"]
tests = ["coverage", "hypothesis", "pympler", "pytest (>=4.3.0)", "six", "zope.interface"]

[[package]]
category = "dev"
description = "An easy safelist-based HTML-sanitizing tool."
name = "bleach"
optional = false
python-versions = ">=2.7, !=3.0.*, !=3.1.*, !=3.2.*, !=3.3.*"
version = "3.1.0"

[package.dependencies]
six = ">=1.9.0"
webencodings = "*"

[[package]]
category = "dev"
description = "Python package for providing Mozilla's CA Bundle."
name = "certifi"
optional = false
python-versions = "*"
version = "2019.9.11"

[[package]]
category = "dev"
description = "Universal encoding detector for Python 2 and 3"
name = "chardet"
optional = false
python-versions = "*"
version = "3.0.4"

[[package]]
category = "dev"
description = "Cross-platform colored terminal text."
marker = "sys_platform == \"win32\""
name = "colorama"
optional = false
python-versions = ">=2.7, !=3.0.*, !=3.1.*, !=3.2.*, !=3.3.*"
version = "0.4.1"

[[package]]
category = "dev"
description = "Docutils -- Python Documentation Utilities"
name = "docutils"
optional = false
python-versions = ">=2.6, !=3.0.*, !=3.1.*, !=3.2.*"
version = "0.15.2"

[[package]]
category = "dev"
description = "Internationalized Domain Names in Applications (IDNA)"
name = "idna"
optional = false
python-versions = ">=2.7, !=3.0.*, !=3.1.*, !=3.2.*, !=3.3.*"
version = "2.8"

[[package]]
category = "dev"
description = "Read metadata from Python packages"
marker = "python_version < \"3.8\""
name = "importlib-metadata"
optional = false
python-versions = ">=2.7,!=3.0,!=3.1,!=3.2,!=3.3"
version = "0.23"

[package.dependencies]
zipp = ">=0.5"

[package.extras]
docs = ["sphinx", "rst.linker"]
testing = ["packaging", "importlib-resources"]

[[package]]
category = "main"
description = "Lightweight pipelining: using Python functions as pipeline jobs."
name = "joblib"
optional = false
python-versions = "*"
version = "0.14.0"

[[package]]
category = "dev"
description = "Build and publish crates with pyo3, rust-cpython and cffi bindings as well as rust binaries as python packages"
name = "maturin"
optional = false
python-versions = ">=3.5"
version = "0.7.7"

[package.dependencies]
toml = ">=0.10.0,<0.11.0"

[[package]]
category = "dev"
description = "More routines for operating on iterables, beyond itertools"
name = "more-itertools"
optional = false
python-versions = ">=3.4"
version = "7.2.0"

[[package]]
category = "main"
description = "NumPy is the fundamental package for array computing with Python."
name = "numpy"
optional = false
python-versions = ">=3.5"
version = "1.17.4"

[[package]]
category = "dev"
description = "Core utilities for Python packages"
name = "packaging"
optional = false
python-versions = ">=2.7, !=3.0.*, !=3.1.*, !=3.2.*, !=3.3.*"
version = "19.2"

[package.dependencies]
pyparsing = ">=2.0.2"
six = "*"

[[package]]
category = "dev"
description = "Query metadatdata from sdists / bdists / installed packages."
name = "pkginfo"
optional = false
python-versions = "*"
version = "1.5.0.1"

[package.extras]
testing = ["nose", "coverage"]

[[package]]
category = "dev"
description = "plugin and hook calling mechanisms for python"
name = "pluggy"
optional = false
python-versions = ">=2.7, !=3.0.*, !=3.1.*, !=3.2.*, !=3.3.*"
version = "0.13.1"

[package.dependencies]
[package.dependencies.importlib-metadata]
python = "<3.8"
version = ">=0.12"

[package.extras]
dev = ["pre-commit", "tox"]

[[package]]
category = "dev"
description = "library with cross-python path, ini-parsing, io, code, log facilities"
name = "py"
optional = false
python-versions = ">=2.7, !=3.0.*, !=3.1.*, !=3.2.*, !=3.3.*"
version = "1.8.0"

[[package]]
category = "dev"
description = "Get CPU info with pure Python 2 & 3"
name = "py-cpuinfo"
optional = false
python-versions = "*"
version = "5.0.0"

[[package]]
category = "dev"
description = "Pygments is a syntax highlighting package written in Python."
name = "pygments"
optional = false
python-versions = ">=2.7, !=3.0.*, !=3.1.*, !=3.2.*, !=3.3.*, !=3.4.*"
version = "2.4.2"

[[package]]
category = "dev"
description = "Python parsing module"
name = "pyparsing"
optional = false
python-versions = ">=2.6, !=3.0.*, !=3.1.*, !=3.2.*"
version = "2.4.5"

[[package]]
category = "dev"
description = "pytest: simple powerful testing with Python"
name = "pytest"
optional = false
python-versions = ">=3.5"
version = "5.3.0"

[package.dependencies]
atomicwrites = ">=1.0"
attrs = ">=17.4.0"
colorama = "*"
more-itertools = ">=4.0.0"
packaging = "*"
pluggy = ">=0.12,<1.0"
py = ">=1.5.0"
wcwidth = "*"

[package.dependencies.importlib-metadata]
python = "<3.8"
version = ">=0.12"

[package.extras]
testing = ["argcomplete", "hypothesis (>=3.56)", "mock", "nose", "requests", "xmlschema"]

[[package]]
category = "dev"
description = "A ``py.test`` fixture for benchmarking code. It will group the tests into rounds that are calibrated to the chosen timer. See calibration_ and FAQ_."
name = "pytest-benchmark"
optional = false
python-versions = "*"
version = "3.2.2"

[package.dependencies]
py-cpuinfo = "*"
pytest = ">=3.8"

[package.extras]
aspect = ["aspectlib"]
elasticsearch = ["elasticsearch"]
histogram = ["pygal", "pygaljs"]

[[package]]
category = "dev"
description = "readme_renderer is a library for rendering \"readme\" descriptions for Warehouse"
name = "readme-renderer"
optional = false
python-versions = "*"
version = "24.0"

[package.dependencies]
Pygments = "*"
bleach = ">=2.1.0"
docutils = ">=0.13.1"
six = "*"

[package.extras]
md = ["cmarkgfm (>=0.2.0)"]

[[package]]
category = "dev"
description = "Python HTTP for Humans."
name = "requests"
optional = false
python-versions = ">=2.7, !=3.0.*, !=3.1.*, !=3.2.*, !=3.3.*, !=3.4.*"
version = "2.22.0"

[package.dependencies]
certifi = ">=2017.4.17"
chardet = ">=3.0.2,<3.1.0"
idna = ">=2.5,<2.9"
urllib3 = ">=1.21.1,<1.25.0 || >1.25.0,<1.25.1 || >1.25.1,<1.26"

[package.extras]
security = ["pyOpenSSL (>=0.14)", "cryptography (>=1.3.4)", "idna (>=2.0.0)"]
socks = ["PySocks (>=1.5.6,<1.5.7 || >1.5.7)", "win-inet-pton"]

[[package]]
category = "dev"
description = "A utility belt for advanced users of python-requests"
name = "requests-toolbelt"
optional = false
python-versions = "*"
version = "0.9.1"

[package.dependencies]
requests = ">=2.0.1,<3.0.0"

[[package]]
category = "main"
description = "A set of python modules for machine learning and data mining"
name = "scikit-learn"
optional = false
python-versions = ">=3.5"
version = "0.21.3"

[package.dependencies]
joblib = ">=0.11"
numpy = ">=1.11.0"
scipy = ">=0.17.0"

[package.extras]
alldeps = ["numpy (>=1.11.0)", "scipy (>=0.17.0)"]

[[package]]
category = "main"
description = "SciPy: Scientific Library for Python"
name = "scipy"
optional = false
python-versions = ">=3.5"
version = "1.3.2"

[package.dependencies]
numpy = ">=1.13.3"

[[package]]
category = "main"
description = "A library implementing the 'SemVer' scheme."
name = "semantic-version"
optional = false
python-versions = ">=2.7, !=3.0.*, !=3.1.*, !=3.2.*, !=3.3.*"
version = "2.8.3"

[[package]]
category = "main"
description = "Setuptools rust extension plugin"
name = "setuptools-rust"
optional = false
python-versions = "*"
version = "0.10.6"

[package.dependencies]
semantic-version = ">=2.6.0"
toml = ">=0.9.0"

[[package]]
category = "dev"
description = "Python 2 and 3 compatibility utilities"
name = "six"
optional = false
python-versions = ">=2.6, !=3.0.*, !=3.1.*"
version = "1.13.0"

[[package]]
category = "main"
description = "Python Library for Tom's Obvious, Minimal Language"
name = "toml"
optional = false
python-versions = "*"
version = "0.10.0"

[[package]]
category = "dev"
description = "Fast, Extensible Progress Meter"
name = "tqdm"
optional = false
python-versions = ">=2.6, !=3.0.*, !=3.1.*"
version = "4.39.0"

[package.extras]
dev = ["py-make (>=0.1.0)", "twine", "argopt", "pydoc-markdown"]

[[package]]
category = "dev"
description = "Collection of utilities for publishing packages on PyPI"
name = "twine"
optional = false
python-versions = ">=3.6"
version = "2.0.0"

[package.dependencies]
pkginfo = ">=1.4.2"
readme-renderer = ">=21.0"
requests = ">=2.20"
requests-toolbelt = ">=0.8.0,<0.9.0 || >0.9.0"
setuptools = ">=0.7.0"
tqdm = ">=4.14"

[package.extras]
keyring = ["keyring"]

[[package]]
category = "dev"
description = "HTTP library with thread-safe connection pooling, file post, and more."
name = "urllib3"
optional = false
python-versions = ">=2.7, !=3.0.*, !=3.1.*, !=3.2.*, !=3.3.*, <4"
version = "1.25.7"

[package.extras]
brotli = ["brotlipy (>=0.6.0)"]
secure = ["pyOpenSSL (>=0.14)", "cryptography (>=1.3.4)", "idna (>=2.0.0)", "certifi", "ipaddress"]
socks = ["PySocks (>=1.5.6,<1.5.7 || >1.5.7,<2.0)"]

[[package]]
category = "dev"
description = "Measures number of Terminal column cells of wide-character codes"
name = "wcwidth"
optional = false
python-versions = "*"
version = "0.1.7"

[[package]]
category = "dev"
description = "Character encoding aliases for legacy web content"
name = "webencodings"
optional = false
python-versions = "*"
version = "0.5.1"

[[package]]
category = "dev"
description = "Backport of pathlib-compatible object wrapper for zip files"
marker = "python_version < \"3.8\""
name = "zipp"
optional = false
python-versions = ">=2.7"
version = "0.6.0"

[package.dependencies]
more-itertools = "*"

[package.extras]
docs = ["sphinx", "jaraco.packaging (>=3.2)", "rst.linker (>=1.9)"]
testing = ["pathlib2", "contextlib2", "unittest2"]

[metadata]
content-hash = "0383da5a6a7aac99c4ec2bcd2c50d4d58247153a06c1c03ff504292864e26d5a"
python-versions = "^3.7"

[metadata.files]
atomicwrites = [
    {file = "atomicwrites-1.3.0-py2.py3-none-any.whl", hash = "sha256:03472c30eb2c5d1ba9227e4c2ca66ab8287fbfbbda3888aa93dc2e28fc6811b4"},
    {file = "atomicwrites-1.3.0.tar.gz", hash = "sha256:75a9445bac02d8d058d5e1fe689654ba5a6556a1dfd8ce6ec55a0ed79866cfa6"},
]
attrs = [
    {file = "attrs-19.3.0-py2.py3-none-any.whl", hash = "sha256:08a96c641c3a74e44eb59afb61a24f2cb9f4d7188748e76ba4bb5edfa3cb7d1c"},
    {file = "attrs-19.3.0.tar.gz", hash = "sha256:f7b7ce16570fe9965acd6d30101a28f62fb4a7f9e926b3bbc9b61f8b04247e72"},
]
bleach = [
    {file = "bleach-3.1.0-py2.py3-none-any.whl", hash = "sha256:213336e49e102af26d9cde77dd2d0397afabc5a6bf2fed985dc35b5d1e285a16"},
    {file = "bleach-3.1.0.tar.gz", hash = "sha256:3fdf7f77adcf649c9911387df51254b813185e32b2c6619f690b593a617e19fa"},
]
certifi = [
    {file = "certifi-2019.9.11-py2.py3-none-any.whl", hash = "sha256:fd7c7c74727ddcf00e9acd26bba8da604ffec95bf1c2144e67aff7a8b50e6cef"},
    {file = "certifi-2019.9.11.tar.gz", hash = "sha256:e4f3620cfea4f83eedc95b24abd9cd56f3c4b146dd0177e83a21b4eb49e21e50"},
]
chardet = [
    {file = "chardet-3.0.4-py2.py3-none-any.whl", hash = "sha256:fc323ffcaeaed0e0a02bf4d117757b98aed530d9ed4531e3e15460124c106691"},
    {file = "chardet-3.0.4.tar.gz", hash = "sha256:84ab92ed1c4d4f16916e05906b6b75a6c0fb5db821cc65e70cbd64a3e2a5eaae"},
]
colorama = [
    {file = "colorama-0.4.1-py2.py3-none-any.whl", hash = "sha256:f8ac84de7840f5b9c4e3347b3c1eaa50f7e49c2b07596221daec5edaabbd7c48"},
    {file = "colorama-0.4.1.tar.gz", hash = "sha256:05eed71e2e327246ad6b38c540c4a3117230b19679b875190486ddd2d721422d"},
]
docutils = [
    {file = "docutils-0.15.2-py2-none-any.whl", hash = "sha256:9e4d7ecfc600058e07ba661411a2b7de2fd0fafa17d1a7f7361cd47b1175c827"},
    {file = "docutils-0.15.2-py3-none-any.whl", hash = "sha256:6c4f696463b79f1fb8ba0c594b63840ebd41f059e92b31957c46b74a4599b6d0"},
    {file = "docutils-0.15.2.tar.gz", hash = "sha256:a2aeea129088da402665e92e0b25b04b073c04b2dce4ab65caaa38b7ce2e1a99"},
]
idna = [
    {file = "idna-2.8-py2.py3-none-any.whl", hash = "sha256:ea8b7f6188e6fa117537c3df7da9fc686d485087abf6ac197f9c46432f7e4a3c"},
    {file = "idna-2.8.tar.gz", hash = "sha256:c357b3f628cf53ae2c4c05627ecc484553142ca23264e593d327bcde5e9c3407"},
]
importlib-metadata = [
    {file = "importlib_metadata-0.23-py2.py3-none-any.whl", hash = "sha256:d5f18a79777f3aa179c145737780282e27b508fc8fd688cb17c7a813e8bd39af"},
    {file = "importlib_metadata-0.23.tar.gz", hash = "sha256:aa18d7378b00b40847790e7c27e11673d7fed219354109d0e7b9e5b25dc3ad26"},
]
joblib = [
    {file = "joblib-0.14.0-py2.py3-none-any.whl", hash = "sha256:006108c7576b3eb6c5b27761ddbf188eb6e6347696325ab2027ea1ee9a4b922d"},
    {file = "joblib-0.14.0.tar.gz", hash = "sha256:6fcc57aacb4e89451fd449e9412687c51817c3f48662c3d8f38ba3f8a0a193ff"},
]
maturin = [
    {file = "maturin-0.7.7-py2.py3-none-macosx_10_7_x86_64.whl", hash = "sha256:87a3d9a94f9c3b8d3ecc57017cdae2b3f1e0f6bfc851509f0b53c2486f312dcc"},
    {file = "maturin-0.7.7-py2.py3-none-manylinux1_i686.whl", hash = "sha256:7f7f04de2acf379b1ff8993747f11bfb60760c69caf8c43414212cf7cc4b07ef"},
    {file = "maturin-0.7.7-py2.py3-none-manylinux1_x86_64.whl", hash = "sha256:aa474d70630833349dac090306fd51a8af2df88080cea74ea4d831b40616ea41"},
    {file = "maturin-0.7.7-py2.py3-none-win32.whl", hash = "sha256:5e6390245a023cbdca39d9276035fdee4d892b44d3ab798ccf2c3443d87e3f98"},
    {file = "maturin-0.7.7-py2.py3-none-win_amd64.whl", hash = "sha256:4fd7fcf4e40e984274dc9caf80c08fa16a6c7c1f4ca1f694ba2ac3802b7340aa"},
    {file = "maturin-0.7.7.tar.gz", hash = "sha256:2533c648aa8fa19f7a9d4f62282b4adce2f9c07c49f512005f92911be767555e"},
]
more-itertools = [
    {file = "more-itertools-7.2.0.tar.gz", hash = "sha256:409cd48d4db7052af495b09dec721011634af3753ae1ef92d2b32f73a745f832"},
    {file = "more_itertools-7.2.0-py3-none-any.whl", hash = "sha256:92b8c4b06dac4f0611c0729b2f2ede52b2e1bac1ab48f089c7ddc12e26bb60c4"},
]
numpy = [
    {file = "numpy-1.17.4-cp35-cp35m-macosx_10_6_intel.whl", hash = "sha256:ede47b98de79565fcd7f2decb475e2dcc85ee4097743e551fe26cfc7eb3ff143"},
    {file = "numpy-1.17.4-cp35-cp35m-manylinux1_i686.whl", hash = "sha256:43bb4b70585f1c2d153e45323a886839f98af8bfa810f7014b20be714c37c447"},
    {file = "numpy-1.17.4-cp35-cp35m-manylinux1_x86_64.whl", hash = "sha256:c7354e8f0eca5c110b7e978034cd86ed98a7a5ffcf69ca97535445a595e07b8e"},
    {file = "numpy-1.17.4-cp35-cp35m-win32.whl", hash = "sha256:64874913367f18eb3013b16123c9fed113962e75d809fca5b78ebfbb73ed93ba"},
    {file = "numpy-1.17.4-cp35-cp35m-win_amd64.whl", hash = "sha256:6ca4000c4a6f95a78c33c7dadbb9495c10880be9c89316aa536eac359ab820ae"},
    {file = "numpy-1.17.4-cp36-cp36m-macosx_10_9_x86_64.whl", hash = "sha256:75fd817b7061f6378e4659dd792c84c0b60533e867f83e0d1e52d5d8e53df88c"},
    {file = "numpy-1.17.4-cp36-cp36m-manylinux1_i686.whl", hash = "sha256:7d81d784bdbed30137aca242ab307f3e65c8d93f4c7b7d8f322110b2e90177f9"},
    {file = "numpy-1.17.4-cp36-cp36m-manylinux1_x86_64.whl", hash = "sha256:fe39f5fd4103ec4ca3cb8600b19216cd1ff316b4990f4c0b6057ad982c0a34d5"},
    {file = "numpy-1.17.4-cp36-cp36m-win32.whl", hash = "sha256:e467c57121fe1b78a8f68dd9255fbb3bb3f4f7547c6b9e109f31d14569f490c3"},
    {file = "numpy-1.17.4-cp36-cp36m-win_amd64.whl", hash = "sha256:8d0af8d3664f142414fd5b15cabfd3b6cc3ef242a3c7a7493257025be5a6955f"},
    {file = "numpy-1.17.4-cp37-cp37m-macosx_10_9_x86_64.whl", hash = "sha256:9679831005fb16c6df3dd35d17aa31dc0d4d7573d84f0b44cc481490a65c7725"},
    {file = "numpy-1.17.4-cp37-cp37m-manylinux1_i686.whl", hash = "sha256:acbf5c52db4adb366c064d0b7c7899e3e778d89db585feadd23b06b587d64761"},
    {file = "numpy-1.17.4-cp37-cp37m-manylinux1_x86_64.whl", hash = "sha256:3d52298d0be333583739f1aec9026f3b09fdfe3ddf7c7028cb16d9d2af1cca7e"},
    {file = "numpy-1.17.4-cp37-cp37m-win32.whl", hash = "sha256:475963c5b9e116c38ad7347e154e5651d05a2286d86455671f5b1eebba5feb76"},
    {file = "numpy-1.17.4-cp37-cp37m-win_amd64.whl", hash = "sha256:0c0763787133dfeec19904c22c7e358b231c87ba3206b211652f8cbe1241deb6"},
    {file = "numpy-1.17.4-cp38-cp38-macosx_10_9_x86_64.whl", hash = "sha256:683828e50c339fc9e68720396f2de14253992c495fdddef77a1e17de55f1decc"},
    {file = "numpy-1.17.4-cp38-cp38-manylinux1_i686.whl", hash = "sha256:e2e9d8c87120ba2c591f60e32736b82b67f72c37ba88a4c23c81b5b8fa49c018"},
    {file = "numpy-1.17.4-cp38-cp38-manylinux1_x86_64.whl", hash = "sha256:a8f67ebfae9f575d85fa859b54d3bdecaeece74e3274b0b5c5f804d7ca789fe1"},
    {file = "numpy-1.17.4-cp38-cp38-win32.whl", hash = "sha256:0a7a1dd123aecc9f0076934288ceed7fd9a81ba3919f11a855a7887cbe82a02f"},
    {file = "numpy-1.17.4-cp38-cp38-win_amd64.whl", hash = "sha256:ada4805ed51f5bcaa3a06d3dd94939351869c095e30a2b54264f5a5004b52170"},
    {file = "numpy-1.17.4.zip", hash = "sha256:f58913e9227400f1395c7b800503ebfdb0772f1c33ff8cb4d6451c06cabdf316"},
]
packaging = [
    {file = "packaging-19.2-py2.py3-none-any.whl", hash = "sha256:d9551545c6d761f3def1677baf08ab2a3ca17c56879e70fecba2fc4dde4ed108"},
    {file = "packaging-19.2.tar.gz", hash = "sha256:28b924174df7a2fa32c1953825ff29c61e2f5e082343165438812f00d3a7fc47"},
]
pkginfo = [
    {file = "pkginfo-1.5.0.1-py2.py3-none-any.whl", hash = "sha256:a6d9e40ca61ad3ebd0b72fbadd4fba16e4c0e4df0428c041e01e06eb6ee71f32"},
    {file = "pkginfo-1.5.0.1.tar.gz", hash = "sha256:7424f2c8511c186cd5424bbf31045b77435b37a8d604990b79d4e70d741148bb"},
]
pluggy = [
    {file = "pluggy-0.13.1-py2.py3-none-any.whl", hash = "sha256:966c145cd83c96502c3c3868f50408687b38434af77734af1e9ca461a4081d2d"},
    {file = "pluggy-0.13.1.tar.gz", hash = "sha256:15b2acde666561e1298d71b523007ed7364de07029219b604cf808bfa1c765b0"},
]
py = [
    {file = "py-1.8.0-py2.py3-none-any.whl", hash = "sha256:64f65755aee5b381cea27766a3a147c3f15b9b6b9ac88676de66ba2ae36793fa"},
    {file = "py-1.8.0.tar.gz", hash = "sha256:dc639b046a6e2cff5bbe40194ad65936d6ba360b52b3c3fe1d08a82dd50b5e53"},
]
py-cpuinfo = [
    {file = "py-cpuinfo-5.0.0.tar.gz", hash = "sha256:2cf6426f776625b21d1db8397d3297ef7acfa59018f02a8779123f3190f18500"},
]
pygments = [
    {file = "Pygments-2.4.2-py2.py3-none-any.whl", hash = "sha256:71e430bc85c88a430f000ac1d9b331d2407f681d6f6aec95e8bcfbc3df5b0127"},
    {file = "Pygments-2.4.2.tar.gz", hash = "sha256:881c4c157e45f30af185c1ffe8d549d48ac9127433f2c380c24b84572ad66297"},
]
pyparsing = [
    {file = "pyparsing-2.4.5-py2.py3-none-any.whl", hash = "sha256:20f995ecd72f2a1f4bf6b072b63b22e2eb457836601e76d6e5dfcd75436acc1f"},
    {file = "pyparsing-2.4.5.tar.gz", hash = "sha256:4ca62001be367f01bd3e92ecbb79070272a9d4964dce6a48a82ff0b8bc7e683a"},
]
pytest = [
    {file = "pytest-5.3.0-py3-none-any.whl", hash = "sha256:f6a567e20c04259d41adce9a360bd8991e6aa29dd9695c5e6bd25a9779272673"},
    {file = "pytest-5.3.0.tar.gz", hash = "sha256:1897d74f60a5d8be02e06d708b41bf2445da2ee777066bd68edf14474fc201eb"},
]
pytest-benchmark = [
    {file = "pytest-benchmark-3.2.2.tar.gz", hash = "sha256:4512c6805318d07926efcb3b39f7b98a10d035305a93edfd5329c86cbf9cfbf7"},
    {file = "pytest_benchmark-3.2.2-py2.py3-none-any.whl", hash = "sha256:ab851115ce022639173b9497d4a4183a1d8fe9cdcf8fab9d8a57607008aedd3d"},
]
readme-renderer = [
    {file = "readme_renderer-24.0-py2.py3-none-any.whl", hash = "sha256:c8532b79afc0375a85f10433eca157d6b50f7d6990f337fa498c96cd4bfc203d"},
    {file = "readme_renderer-24.0.tar.gz", hash = "sha256:bb16f55b259f27f75f640acf5e00cf897845a8b3e4731b5c1a436e4b8529202f"},
]
requests = [
    {file = "requests-2.22.0-py2.py3-none-any.whl", hash = "sha256:9cf5292fcd0f598c671cfc1e0d7d1a7f13bb8085e9a590f48c010551dc6c4b31"},
    {file = "requests-2.22.0.tar.gz", hash = "sha256:11e007a8a2aa0323f5a921e9e6a2d7e4e67d9877e85773fba9ba6419025cbeb4"},
]
requests-toolbelt = [
    {file = "requests-toolbelt-0.9.1.tar.gz", hash = "sha256:968089d4584ad4ad7c171454f0a5c6dac23971e9472521ea3b6d49d610aa6fc0"},
    {file = "requests_toolbelt-0.9.1-py2.py3-none-any.whl", hash = "sha256:380606e1d10dc85c3bd47bf5a6095f815ec007be7a8b69c878507068df059e6f"},
]
scikit-learn = [
    {file = "scikit-learn-0.21.3.tar.gz", hash = "sha256:eb9b8ebf59eddd8b96366428238ab27d05a19e89c5516ce294abc35cea75d003"},
    {file = "scikit_learn-0.21.3-cp35-cp35m-macosx_10_6_intel.macosx_10_9_intel.macosx_10_9_x86_64.macosx_10_10_intel.macosx_10_10_x86_64.whl", hash = "sha256:5083a5e50d9d54548e4ada829598ae63a05651dd2bb319f821ffd9e8388384a6"},
    {file = "scikit_learn-0.21.3-cp35-cp35m-manylinux1_i686.whl", hash = "sha256:c1cd6b29eb1fd1cc672ac5e4a8be5f6ea936d094a3dc659ada0746d6fac750b1"},
    {file = "scikit_learn-0.21.3-cp35-cp35m-manylinux1_x86_64.whl", hash = "sha256:d07fcb0c0acbc043faa0e7cf4d2037f71193de3fb04fb8ed5c259b089af1cf5c"},
    {file = "scikit_learn-0.21.3-cp35-cp35m-win32.whl", hash = "sha256:8bf2ff63da820d09b96b18e88f9625228457bff8df4618f6b087e12442ef9e15"},
    {file = "scikit_learn-0.21.3-cp35-cp35m-win_amd64.whl", hash = "sha256:289361cf003d90b007f5066b27fcddc2d71324c82f1c88e316fedacb0dfdd516"},
    {file = "scikit_learn-0.21.3-cp36-cp36m-macosx_10_6_intel.macosx_10_9_intel.macosx_10_9_x86_64.macosx_10_10_intel.macosx_10_10_x86_64.whl", hash = "sha256:3a14d0abd4281fc3fd2149c486c3ec7cedad848b8d5f7b6f61522029d65a29f8"},
    {file = "scikit_learn-0.21.3-cp36-cp36m-manylinux1_i686.whl", hash = "sha256:c41a6e2685d06bcdb0d26533af2540f54884d40db7e48baed6a5bcbf1a7cc642"},
    {file = "scikit_learn-0.21.3-cp36-cp36m-manylinux1_x86_64.whl", hash = "sha256:ae322235def5ce8fae645b439e332e6f25d34bb90d6a6c8e261f17eb476457b7"},
    {file = "scikit_learn-0.21.3-cp36-cp36m-win32.whl", hash = "sha256:1ac81293d261747c25ea5a0ee8cd2bb1f3b5ba9ec05421a7f9f0feb4eb7c4116"},
    {file = "scikit_learn-0.21.3-cp36-cp36m-win_amd64.whl", hash = "sha256:d146d5443cda0a41f74276e42faf8c7f283fef49e8a853b832885239ef544e05"},
    {file = "scikit_learn-0.21.3-cp37-cp37m-macosx_10_6_intel.macosx_10_9_intel.macosx_10_9_x86_64.macosx_10_10_intel.macosx_10_10_x86_64.whl", hash = "sha256:92c903613ff50e22aa95d589f9fff5deb6f34e79f7f21f609680087f137bb524"},
    {file = "scikit_learn-0.21.3-cp37-cp37m-manylinux1_i686.whl", hash = "sha256:777cdd5c077b7ca9cb381396c81990cf41d2fa8350760d3cad3b4c460a7db644"},
    {file = "scikit_learn-0.21.3-cp37-cp37m-manylinux1_x86_64.whl", hash = "sha256:8d319b71c449627d178f21c57614e21747e54bb3fc9602b6f42906c3931aa320"},
    {file = "scikit_learn-0.21.3-cp37-cp37m-win32.whl", hash = "sha256:eb2b7bed0a26ba5ce3700e15938b28a4f4513578d3e54a2156c29df19ac5fd01"},
    {file = "scikit_learn-0.21.3-cp37-cp37m-win_amd64.whl", hash = "sha256:928050b65781fea9542dfe9bfe02d8c4f5530baa8472ec60782ea77347d2c836"},
]
scipy = [
    {file = "scipy-1.3.2-cp35-cp35m-macosx_10_6_intel.whl", hash = "sha256:7a0477929e6f9d5928fe81fe75d00b7da9545a49109e66028d85848b18aeef99"},
    {file = "scipy-1.3.2-cp35-cp35m-manylinux1_i686.whl", hash = "sha256:0f81e71149539ac09053a3f9165659367b060eceef3bbde11e6600e1c341f1f2"},
    {file = "scipy-1.3.2-cp35-cp35m-manylinux1_x86_64.whl", hash = "sha256:ecfd45ca0ce1d6c13bef17794b4052cc9a9574f4be8d44c9bcfd7e34294bd2d7"},
    {file = "scipy-1.3.2-cp35-cp35m-win32.whl", hash = "sha256:ee5888c62cd83c9bf9927ffcee08434e7d5c81a8f31e5b85af5470e511022c08"},
    {file = "scipy-1.3.2-cp35-cp35m-win_amd64.whl", hash = "sha256:07673b5b96dbe28c88f3a53ca9af67f802aa853de7402e31f473b4dd6501c799"},
    {file = "scipy-1.3.2-cp36-cp36m-macosx_10_6_intel.whl", hash = "sha256:2e4b5fdb635dd425bf46fbd6381612692d3c795f1eb6fe62410305a440691d46"},
    {file = "scipy-1.3.2-cp36-cp36m-manylinux1_i686.whl", hash = "sha256:4ad7a3ae9831d2085d6f50b81bfcd76368293eafdf31f4ac9f109c6061309c24"},
    {file = "scipy-1.3.2-cp36-cp36m-manylinux1_x86_64.whl", hash = "sha256:df4dbd3d40db3f667e0145dba5f50954bf28b2dd5b8b400c79d5e3fe8cb67ce2"},
    {file = "scipy-1.3.2-cp36-cp36m-win32.whl", hash = "sha256:470d8fc76ccab6cfff60a9de4ce316a23ee7f63615d948c7446dc7c1bb45042d"},
    {file = "scipy-1.3.2-cp36-cp36m-win_amd64.whl", hash = "sha256:f018892621b787b9abf76d51d1f0c21611c71752ebb1891ccf7992e0bf973708"},
    {file = "scipy-1.3.2-cp37-cp37m-macosx_10_6_intel.whl", hash = "sha256:34c48d922760782732d6f8f4532e320984d1280763c6787c6582021d34c8ad79"},
    {file = "scipy-1.3.2-cp37-cp37m-manylinux1_i686.whl", hash = "sha256:33ac3213ee617bbc0eac84d02b130d69093ed7738afb281dfdeb12a9dbdf1530"},
    {file = "scipy-1.3.2-cp37-cp37m-manylinux1_x86_64.whl", hash = "sha256:9c3221039da50f3b60da70b65d6b020ea26cefbb097116cfec696010432d1f6c"},
    {file = "scipy-1.3.2-cp37-cp37m-win32.whl", hash = "sha256:2dc26e5b3eb86b7adad506b6b04020f6a87e1102c9acd039e937d28bdcee7fa6"},
    {file = "scipy-1.3.2-cp37-cp37m-win_amd64.whl", hash = "sha256:0359576d8cc058bd615999cf985e2423dc6cc824666d60e8b8d4810569a04655"},
    {file = "scipy-1.3.2-cp38-cp38-macosx_10_9_x86_64.whl", hash = "sha256:e837c8068bd1929a533e9d51562faf6584ddb5303d9e218d8c11aa4719dcd617"},
    {file = "scipy-1.3.2-cp38-cp38-manylinux1_i686.whl", hash = "sha256:61812a7db0d9bc3f13653e52b8ddb1935cf444ec55f39160fc2778aeb2719057"},
    {file = "scipy-1.3.2-cp38-cp38-manylinux1_x86_64.whl", hash = "sha256:3f556f63e070e9596624e42e99d23b259d8f0fc63ec093bef97a9f1c579565b2"},
    {file = "scipy-1.3.2-cp38-cp38-win32.whl", hash = "sha256:125aa82f7b3d4bd7f77fed6c3c6e31be47e33f129d829799569389ae59f913e7"},
    {file = "scipy-1.3.2-cp38-cp38-win_amd64.whl", hash = "sha256:f2d5db81d90d14a32d4aff920f52fca5639bcaaaf87b4f61bce83a1d238f49fc"},
    {file = "scipy-1.3.2.tar.gz", hash = "sha256:a03939b431994289f39373c57bbe452974a7da724ae7f9620a1beee575434da4"},
]
semantic-version = [
    {file = "semantic_version-2.8.3-py2.py3-none-any.whl", hash = "sha256:bbfc594c9576011f405f8e8c9313b9030c3f368d4565092fd57b73ea357fdcef"},
    {file = "semantic_version-2.8.3.tar.gz", hash = "sha256:9dcc6fbad58da3c4d5eee2287025e226bb05c39463f14b741357801baae9dcce"},
]
setuptools-rust = [
    {file = "setuptools_rust-0.10.6-py3-none-any.whl", hash = "sha256:4070f249b237ebc4e403478f44a4aa89c9515880fa1beded20d4b25260456503"},
]
six = [
    {file = "six-1.13.0-py2.py3-none-any.whl", hash = "sha256:1f1b7d42e254082a9db6279deae68afb421ceba6158efa6131de7b3003ee93fd"},
    {file = "six-1.13.0.tar.gz", hash = "sha256:30f610279e8b2578cab6db20741130331735c781b56053c59c4076da27f06b66"},
]
toml = [
    {file = "toml-0.10.0-py2.7.egg", hash = "sha256:f1db651f9657708513243e61e6cc67d101a39bad662eaa9b5546f789338e07a3"},
    {file = "toml-0.10.0-py2.py3-none-any.whl", hash = "sha256:235682dd292d5899d361a811df37e04a8828a5b1da3115886b73cf81ebc9100e"},
    {file = "toml-0.10.0.tar.gz", hash = "sha256:229f81c57791a41d65e399fc06bf0848bab550a9dfd5ed66df18ce5f05e73d5c"},
]
tqdm = [
    {file = "tqdm-4.39.0-py2.py3-none-any.whl", hash = "sha256:5a1f3d58f3eb53264387394387fe23df469d2a3fab98c9e7f99d5c146c119873"},
    {file = "tqdm-4.39.0.tar.gz", hash = "sha256:f1a1613fee07cc30a253051617f2a219a785c58877f9f6bfa129446cbaf8b4c1"},
]
twine = [
    {file = "twine-2.0.0-py3-none-any.whl", hash = "sha256:5319dd3e02ac73fcddcd94f035b9631589ab5d23e1f4699d57365199d85261e1"},
    {file = "twine-2.0.0.tar.gz", hash = "sha256:9fe7091715c7576df166df8ef6654e61bada39571783f2fd415bdcba867c6993"},
]
urllib3 = [
    {file = "urllib3-1.25.7-py2.py3-none-any.whl", hash = "sha256:a8a318824cc77d1fd4b2bec2ded92646630d7fe8619497b142c84a9e6f5a7293"},
    {file = "urllib3-1.25.7.tar.gz", hash = "sha256:f3c5fd51747d450d4dcf6f923c81f78f811aab8205fda64b0aba34a4e48b0745"},
]
wcwidth = [
    {file = "wcwidth-0.1.7-py2.py3-none-any.whl", hash = "sha256:f4ebe71925af7b40a864553f761ed559b43544f8f71746c2d756c7fe788ade7c"},
    {file = "wcwidth-0.1.7.tar.gz", hash = "sha256:3df37372226d6e63e1b1e1eda15c594bca98a22d33a23832a90998faa96bc65e"},
]
webencodings = [
    {file = "webencodings-0.5.1-py2.py3-none-any.whl", hash = "sha256:a0af1213f3c2226497a97e2b3aa01a7e4bee4f403f95be16fc9acd2947514a78"},
    {file = "webencodings-0.5.1.tar.gz", hash = "sha256:b36a1c245f2d304965eb4e0a82848379241dc04b865afcc4aab16748587e1923"},
]
zipp = [
    {file = "zipp-0.6.0-py2.py3-none-any.whl", hash = "sha256:f06903e9f1f43b12d371004b4ac7b06ab39a44adc747266928ae6debfa7b3335"},
    {file = "zipp-0.6.0.tar.gz", hash = "sha256:3718b1cbcd963c7d4c5511a8240812904164b7f381b647143a89d3b98f9bcd8e"},
]
